
Microsoft Visual Studio Solution File, Format Version 12.00
# Visual Studio Version 16
VisualStudioVersion = 16.0.29709.97
MinimumVisualStudioVersion = 10.0.40219.1
Project("{2150E333-8FDC-42A3-9474-1A3956D46DE8}") = "Interfaces", "Interfaces", "{FB65CE9F-D437-4671-8C3D-1E05AFBEAA10}"
EndProject
Project("{9A19103F-16F7-4668-BE54-9A1E7A4F7556}") = "Mgm.VI.Common._Interfaces", ".\_Interfaces\Mgm.VI.Common._Interfaces\Mgm.VI.Common._Interfaces.csproj", "{C0E8FE1F-2EAD-4629-B100-BA6D2850AFFE}"
EndProject
Project("{2150E333-8FDC-42A3-9474-1A3956D46DE8}") = "UnitTests", "UnitTests", "{44D143BC-EE11-457C-A689-990CF01AF1FB}"
EndProject
Project("{9A19103F-16F7-4668-BE54-9A1E7A4F7556}") = "Mgm.VI.Common", ".\Mgm.VI.Common\Mgm.VI.Common.csproj", "{55C0552E-FF94-46D5-A660-8D1A03F9809F}"
EndProject
Project("{9A19103F-16F7-4668-BE54-9A1E7A4F7556}") = "Mgm.VI.Common.UnitTests", ".\UnitTests\Mgm.VI.Common.UnitTests\Mgm.VI.Common.UnitTests.csproj", "{E0CBFAED-A1C3-4E51-800D-F1A8FFE5013E}"
EndProject
Project("{9A19103F-16F7-4668-BE54-9A1E7A4F7556}") = "Mgm.VI.IO._Interfaces", ".\_Interfaces\Mgm.VI.IO._Interfaces\Mgm.VI.IO._Interfaces.csproj", "{0D50F87B-D5E6-4EBF-87CF-99C479474B8D}"
EndProject
Project("{9A19103F-16F7-4668-BE54-9A1E7A4F7556}") = "Mgm.VI.IO", ".\Mgm.VI.IO\Mgm.VI.IO.csproj", "{0F870653-23B1-4100-8A33-25C0E35DEEE1}"
EndProject
Project("{9A19103F-16F7-4668-BE54-9A1E7A4F7556}") = "Mgm.VI.Aws._Interfaces", ".\_Interfaces\Mgm.VI.Aws._Interfaces\Mgm.VI.Aws._Interfaces.csproj", "{35E64E42-51D1-4662-A0DB-94E06F81C44F}"
EndProject
Project("{9A19103F-16F7-4668-BE54-9A1E7A4F7556}") = "Mgm.VI.Aws", ".\Mgm.VI.Aws\Mgm.VI.Aws.csproj", "{721D6609-94E1-43A4-B29B-DEEFC4E48586}"
EndProject
Project("{9A19103F-16F7-4668-BE54-9A1E7A4F7556}") = "Mgm.VI.Logger._Interfaces", ".\_Interfaces\Mgm.VI.Logger._Interfaces\Mgm.VI.Logger._Interfaces.csproj", "{9E36B76D-B99C-4A56-B115-4A78544B5411}"
EndProject
Project("{9A19103F-16F7-4668-BE54-9A1E7A4F7556}") = "Mgm.VI.Aws.Sqs.Rules._Interfaces", ".\_Interfaces\Mgm.VI.Aws.Sqs.Rules._Interfaces\Mgm.VI.Aws.Sqs.Rules._Interfaces.csproj", "{2532AD42-5078-4483-8C81-0F0048BA9172}"
EndProject
Project("{9A19103F-16F7-4668-BE54-9A1E7A4F7556}") = "Mgm.VI.Aws.Sqs.Dto._Interfaces", ".\_Interfaces\Mgm.VI.Aws.Sqs.Dto._Interfaces\Mgm.VI.Aws.Sqs.Dto._Interfaces.csproj", "{459E0D54-1FA3-4ECB-B81B-1F8B5FA2D30A}"
EndProject
Project("{9A19103F-16F7-4668-BE54-9A1E7A4F7556}") = "Mgm.VI.Common.Db._Interfaces", ".\_Interfaces\Mgm.VI.Common.Db._Interfaces\Mgm.VI.Common.Db._Interfaces.csproj", "{5070E4BB-A4F0-4B26-AC9A-249B074ABCAB}"
EndProject
Project("{9A19103F-16F7-4668-BE54-9A1E7A4F7556}") = "Mgm.VI.Data.Dto._Interfaces", ".\_Interfaces\Mgm.VI.Data.Dto._Interfaces\Mgm.VI.Data.Dto._Interfaces.csproj", "{FBC96555-D037-40A1-A819-E240F04EBFC3}"
EndProject
Project("{9A19103F-16F7-4668-BE54-9A1E7A4F7556}") = "Mgm.VI.Data.Map._Interfaces", ".\_Interfaces\Mgm.VI.Data.Map._Interfaces\Mgm.VI.Data.Map._Interfaces.csproj", "{61F51407-3E61-44CD-AE72-5ED1A6FABE74}"
EndProject
Project("{9A19103F-16F7-4668-BE54-9A1E7A4F7556}") = "Mgm.VI.Notification._Interfaces", ".\_Interfaces\Mgm.VI.Notification._Interfaces\Mgm.VI.Notification._Interfaces.csproj", "{EF8AD113-5ADE-4592-8668-A3DDF632946D}"
EndProject
Project("{9A19103F-16F7-4668-BE54-9A1E7A4F7556}") = "Mgm.VI.Security._Interfaces", ".\_Interfaces\Mgm.VI.Security._Interfaces\Mgm.VI.Security._Interfaces.csproj", "{41B2FA7C-D566-4F55-94A4-99227C32E26A}"
EndProject
Project("{9A19103F-16F7-4668-BE54-9A1E7A4F7556}") = "Mgm.VI.Data.Model._Interfaces", ".\_Interfaces\Mgm.VI.Data.Model._Interfaces\Mgm.VI.Data.Model._Interfaces.csproj", "{3A343EC6-41C9-4E25-91CD-319DB3C6A79F}"
EndProject
Project("{9A19103F-16F7-4668-BE54-9A1E7A4F7556}") = "Mgm.VI.Common.Db", ".\Mgm.VI.Common.Db\Mgm.VI.Common.Db.csproj", "{F850B752-1826-43E0-B4B5-0ECA005392CE}"
EndProject
Project("{9A19103F-16F7-4668-BE54-9A1E7A4F7556}") = "Mgm.VI.Aws.Sqs._Interfaces", ".\_Interfaces\Mgm.VI.Aws.Sqs._Interfaces\Mgm.VI.Aws.Sqs._Interfaces.csproj", "{2D52B704-043C-4A9F-B719-EC7BDA953B56}"
EndProject
Project("{9A19103F-16F7-4668-BE54-9A1E7A4F7556}") = "Mgm.VI.Business._Interfaces", ".\_Interfaces\Mgm.VI.Business._Interfaces\Mgm.VI.Business._Interfaces.csproj", "{E98F5976-2270-4462-9613-DC99D1F1F10C}"
EndProject
Project("{9A19103F-16F7-4668-BE54-9A1E7A4F7556}") = "Mgm.VI.Logger", ".\Mgm.VI.Logger\Mgm.VI.Logger.csproj", "{0777931E-1534-4FDA-9061-6685B725F533}"
EndProject
Project("{9A19103F-16F7-4668-BE54-9A1E7A4F7556}") = "Mgm.VI.Aws.Sqs.Dto", ".\Mgm.VI.Aws.Sqs.Dto\Mgm.VI.Aws.Sqs.Dto.csproj", "{FFE82F39-44E2-4ABA-B6EB-0A7BB07293F3}"
EndProject
Project("{9A19103F-16F7-4668-BE54-9A1E7A4F7556}") = "Mgm.VI.Data.Dto", ".\Mgm.VI.Data.Dto\Mgm.VI.Data.Dto.csproj", "{3D671ED0-28A4-4F94-AD4E-21C9C2F11F94}"
EndProject
Project("{9A19103F-16F7-4668-BE54-9A1E7A4F7556}") = "Mgm.VI.Data.Map", ".\Mgm.VI.Data.Map\Mgm.VI.Data.Map.csproj", "{4FE933F7-D4CB-4FD6-BB8A-D0297C923C8D}"
EndProject
Project("{9A19103F-16F7-4668-BE54-9A1E7A4F7556}") = "Mgm.VI.Data.Model", ".\Mgm.VI.Data.Model\Mgm.VI.Data.Model.csproj", "{D4636C58-3C5B-45F3-94DE-7AACC1F991BB}"
EndProject
Project("{9A19103F-16F7-4668-BE54-9A1E7A4F7556}") = "Mgm.VI.Aws.Sqs", ".\Mgm.VI.Aws.Sqs\Mgm.VI.Aws.Sqs.csproj", "{EE237EF3-36A9-4364-8B6E-CE354939B4ED}"
EndProject
Project("{9A19103F-16F7-4668-BE54-9A1E7A4F7556}") = "Mgm.VI.Aws.Sqs.Rules", ".\Mgm.VI.Aws.Sqs.Rules\Mgm.VI.Aws.Sqs.Rules.csproj", "{A34B937F-A8FC-492D-A885-8DC15FFE1A5C}"
EndProject
Project("{9A19103F-16F7-4668-BE54-9A1E7A4F7556}") = "Mgm.VI.Facade", ".\Mgm.VI.Facade\Mgm.VI.Facade.csproj", "{DCD0EDBA-0192-4F9E-9AAF-A34517A9AAD7}"
EndProject
Project("{9A19103F-16F7-4668-BE54-9A1E7A4F7556}") = "Mgm.VI.Facade._Interfaces", ".\_Interfaces\Mgm.VI.Facade._Interfaces\Mgm.VI.Facade._Interfaces.csproj", "{BE10151B-5115-4483-8F6B-E0BC8C044549}"
EndProject
Project("{9A19103F-16F7-4668-BE54-9A1E7A4F7556}") = "Mgm.VI.Services._Interfaces", ".\_Interfaces\Mgm.VI.Services._Interfaces\Mgm.VI.Services._Interfaces.csproj", "{ACF94713-DEAE-462A-B297-912058854211}"
EndProject
Project("{9A19103F-16F7-4668-BE54-9A1E7A4F7556}") = "Mgm.VI.Services", ".\Mgm.VI.Services\Mgm.VI.Services.csproj", "{5F72F77D-FD4D-4263-8F69-5EBD59649750}"
EndProject
Project("{9A19103F-16F7-4668-BE54-9A1E7A4F7556}") = "Mgm.VI.Repository._Interfaces", ".\_Interfaces\Mgm.VI.Repository._Interfaces\Mgm.VI.Repository._Interfaces.csproj", "{34C337F8-2C63-47EE-AF2C-1B7936A9986F}"
EndProject
Project("{9A19103F-16F7-4668-BE54-9A1E7A4F7556}") = "Mgm.VI.Repository", ".\Mgm.VI.Repository\Mgm.VI.Repository.csproj", "{C2A494B8-9EB8-478C-9E24-C47595F448ED}"
EndProject
Project("{9A19103F-16F7-4668-BE54-9A1E7A4F7556}") = "Mgm.VI.Business", ".\Mgm.VI.Business\Mgm.VI.Business.csproj", "{E93E8153-56ED-4526-8F24-04251EBC3C93}"
EndProject
Project("{9A19103F-16F7-4668-BE54-9A1E7A4F7556}") = "Mgm.VI.Aws.Sqs.Processor", ".\Mgm.VI.Aws.Sqs.Processor\Mgm.VI.Aws.Sqs.Processor.csproj", "{062B89F7-2BD8-45B0-AB2D-B19886F04FE2}"
EndProject
Project("{9A19103F-16F7-4668-BE54-9A1E7A4F7556}") = "Mgm.VI.Notification", ".\Mgm.VI.Notification\Mgm.VI.Notification.csproj", "{8F7B6742-A9D8-438F-98E9-692B3F2A2AA3}"
EndProject
Project("{9A19103F-16F7-4668-BE54-9A1E7A4F7556}") = "Mgm.VI.Data.AutoMapper", ".\Mgm.VI.Data.AutoMapper\Mgm.VI.Data.AutoMapper.csproj", "{04FF12AA-19CE-4B35-A1FB-B3F4EF3ABDC7}"
EndProject
Project("{9A19103F-16F7-4668-BE54-9A1E7A4F7556}") = "Mgm.VI.Security", ".\Mgm.VI.Security\Mgm.VI.Security.csproj", "{FEF61EBD-6491-4509-8B3D-3762FA6CED40}"
EndProject
Project("{9A19103F-16F7-4668-BE54-9A1E7A4F7556}") = "Mgm.VI.Aws.Sqs.Web", ".\Mgm.VI.Aws.Sqs.Web\Mgm.VI.Aws.Sqs.Web.csproj", "{EA68EA22-AB6E-4C2C-BB25-000B0AC4351E}"
EndProject
Project("{9A19103F-16F7-4668-BE54-9A1E7A4F7556}") = "Mgm.VI.Aws.Sqs.Sender", ".\Mgm.VI.Aws.Sqs.Sender\Mgm.VI.Aws.Sqs.Sender.csproj", "{14510064-3954-4D0E-871C-A8D803A5747D}"
EndProject
Project("{9A19103F-16F7-4668-BE54-9A1E7A4F7556}") = "Mgm.VI.Data.Dto.UnitTests", ".\UnitTests\Mgm.VI.Data.Dto.UnitTests\Mgm.VI.Data.Dto.UnitTests.csproj", "{43C9FBE2-73A6-4360-9333-56329CD3D32C}"
EndProject
Project("{9A19103F-16F7-4668-BE54-9A1E7A4F7556}") = "Mgm.VI.Repository.UnitTests", ".\UnitTests\Mgm.VI.Sqs.Repository.UnitTests\Mgm.VI.Repository.UnitTests.csproj", "{2E6CDD12-0DCD-45B7-A886-8C68D5F30FF6}"
EndProject
Project("{9A19103F-16F7-4668-BE54-9A1E7A4F7556}") = "Mgm.VI.Aws.Business.UnitTests", ".\UnitTests\Mgm.VI.Aws.Business.UnitTests\Mgm.VI.Aws.Business.UnitTests.csproj", "{2AA8D18E-031B-4027-B020-E0FB71799CC7}"
EndProject
Project("{9A19103F-16F7-4668-BE54-9A1E7A4F7556}") = "Mgm.VI.Aws.Sqs.Rules.UnitTests", ".\UnitTests\Mgm.VI.Aws.Sqs.Rules.UnitTests\Mgm.VI.Aws.Sqs.Rules.UnitTests.csproj", "{59D4CF2E-09BA-4F23-8B8E-C2DB77F4F240}"
EndProject
Project("{9A19103F-16F7-4668-BE54-9A1E7A4F7556}") = "Mgm.VI.Notification.UnitTests", ".\UnitTests\Mgm.VI.Notification.UnitTests\Mgm.VI.Notification.UnitTests.csproj", "{E48D0111-C2F1-40F4-9535-73EE7531C911}"
EndProject
Project("{9A19103F-16F7-4668-BE54-9A1E7A4F7556}") = "Mgm.VI.Aws.Sqs.UnitTests", ".\UnitTests\Mgm.VI.Aws.Sqs.UnitTests\Mgm.VI.Aws.Sqs.UnitTests.csproj", "{2B8CB2D9-B2DE-45FE-ABBE-0ACE05858491}"
EndProject
Project("{9A19103F-16F7-4668-BE54-9A1E7A4F7556}") = "Mgm.VI.Facade.UnitTests", ".\UnitTests\Mgm.VI.Facade.UnitTests\Mgm.VI.Facade.UnitTests.csproj", "{B4FD2210-5A08-4DBC-BCA3-6BF15DD41503}"
EndProject
Global
	GlobalSection(SolutionConfigurationPlatforms) = preSolution
		Debug|Any CPU = Debug|Any CPU
		Release|Any CPU = Release|Any CPU
	EndGlobalSection
	GlobalSection(ProjectConfigurationPlatforms) = postSolution
		{C0E8FE1F-2EAD-4629-B100-BA6D2850AFFE}.Debug|Any CPU.ActiveCfg = Debug|Any CPU
		{C0E8FE1F-2EAD-4629-B100-BA6D2850AFFE}.Debug|Any CPU.Build.0 = Debug|Any CPU
		{C0E8FE1F-2EAD-4629-B100-BA6D2850AFFE}.Release|Any CPU.ActiveCfg = Release|Any CPU
		{C0E8FE1F-2EAD-4629-B100-BA6D2850AFFE}.Release|Any CPU.Build.0 = Release|Any CPU
		{55C0552E-FF94-46D5-A660-8D1A03F9809F}.Debug|Any CPU.ActiveCfg = Debug|Any CPU
		{55C0552E-FF94-46D5-A660-8D1A03F9809F}.Debug|Any CPU.Build.0 = Debug|Any CPU
		{55C0552E-FF94-46D5-A660-8D1A03F9809F}.Release|Any CPU.ActiveCfg = Release|Any CPU
		{55C0552E-FF94-46D5-A660-8D1A03F9809F}.Release|Any CPU.Build.0 = Release|Any CPU
		{E0CBFAED-A1C3-4E51-800D-F1A8FFE5013E}.Debug|Any CPU.ActiveCfg = Debug|Any CPU
		{E0CBFAED-A1C3-4E51-800D-F1A8FFE5013E}.Debug|Any CPU.Build.0 = Debug|Any CPU
		{E0CBFAED-A1C3-4E51-800D-F1A8FFE5013E}.Release|Any CPU.ActiveCfg = Release|Any CPU
		{E0CBFAED-A1C3-4E51-800D-F1A8FFE5013E}.Release|Any CPU.Build.0 = Release|Any CPU
		{0D50F87B-D5E6-4EBF-87CF-99C479474B8D}.Debug|Any CPU.ActiveCfg = Debug|Any CPU
		{0D50F87B-D5E6-4EBF-87CF-99C479474B8D}.Debug|Any CPU.Build.0 = Debug|Any CPU
		{0D50F87B-D5E6-4EBF-87CF-99C479474B8D}.Release|Any CPU.ActiveCfg = Release|Any CPU
		{0D50F87B-D5E6-4EBF-87CF-99C479474B8D}.Release|Any CPU.Build.0 = Release|Any CPU
		{0F870653-23B1-4100-8A33-25C0E35DEEE1}.Debug|Any CPU.ActiveCfg = Debug|Any CPU
		{0F870653-23B1-4100-8A33-25C0E35DEEE1}.Debug|Any CPU.Build.0 = Debug|Any CPU
		{0F870653-23B1-4100-8A33-25C0E35DEEE1}.Release|Any CPU.ActiveCfg = Release|Any CPU
		{0F870653-23B1-4100-8A33-25C0E35DEEE1}.Release|Any CPU.Build.0 = Release|Any CPU
		{35E64E42-51D1-4662-A0DB-94E06F81C44F}.Debug|Any CPU.ActiveCfg = Debug|Any CPU
		{35E64E42-51D1-4662-A0DB-94E06F81C44F}.Debug|Any CPU.Build.0 = Debug|Any CPU
		{35E64E42-51D1-4662-A0DB-94E06F81C44F}.Release|Any CPU.ActiveCfg = Release|Any CPU
		{35E64E42-51D1-4662-A0DB-94E06F81C44F}.Release|Any CPU.Build.0 = Release|Any CPU
		{721D6609-94E1-43A4-B29B-DEEFC4E48586}.Debug|Any CPU.ActiveCfg = Debug|Any CPU
		{721D6609-94E1-43A4-B29B-DEEFC4E48586}.Debug|Any CPU.Build.0 = Debug|Any CPU
		{721D6609-94E1-43A4-B29B-DEEFC4E48586}.Release|Any CPU.ActiveCfg = Release|Any CPU
		{721D6609-94E1-43A4-B29B-DEEFC4E48586}.Release|Any CPU.Build.0 = Release|Any CPU
		{9E36B76D-B99C-4A56-B115-4A78544B5411}.Debug|Any CPU.ActiveCfg = Debug|Any CPU
		{9E36B76D-B99C-4A56-B115-4A78544B5411}.Debug|Any CPU.Build.0 = Debug|Any CPU
		{9E36B76D-B99C-4A56-B115-4A78544B5411}.Release|Any CPU.ActiveCfg = Release|Any CPU
		{9E36B76D-B99C-4A56-B115-4A78544B5411}.Release|Any CPU.Build.0 = Release|Any CPU
		{2532AD42-5078-4483-8C81-0F0048BA9172}.Debug|Any CPU.ActiveCfg = Debug|Any CPU
		{2532AD42-5078-4483-8C81-0F0048BA9172}.Debug|Any CPU.Build.0 = Debug|Any CPU
		{2532AD42-5078-4483-8C81-0F0048BA9172}.Release|Any CPU.ActiveCfg = Release|Any CPU
		{2532AD42-5078-4483-8C81-0F0048BA9172}.Release|Any CPU.Build.0 = Release|Any CPU
		{459E0D54-1FA3-4ECB-B81B-1F8B5FA2D30A}.Debug|Any CPU.ActiveCfg = Debug|Any CPU
		{459E0D54-1FA3-4ECB-B81B-1F8B5FA2D30A}.Debug|Any CPU.Build.0 = Debug|Any CPU
		{459E0D54-1FA3-4ECB-B81B-1F8B5FA2D30A}.Release|Any CPU.ActiveCfg = Release|Any CPU
		{459E0D54-1FA3-4ECB-B81B-1F8B5FA2D30A}.Release|Any CPU.Build.0 = Release|Any CPU
		{5070E4BB-A4F0-4B26-AC9A-249B074ABCAB}.Debug|Any CPU.ActiveCfg = Debug|Any CPU
		{5070E4BB-A4F0-4B26-AC9A-249B074ABCAB}.Debug|Any CPU.Build.0 = Debug|Any CPU
		{5070E4BB-A4F0-4B26-AC9A-249B074ABCAB}.Release|Any CPU.ActiveCfg = Release|Any CPU
		{5070E4BB-A4F0-4B26-AC9A-249B074ABCAB}.Release|Any CPU.Build.0 = Release|Any CPU
		{FBC96555-D037-40A1-A819-E240F04EBFC3}.Debug|Any CPU.ActiveCfg = Debug|Any CPU
		{FBC96555-D037-40A1-A819-E240F04EBFC3}.Debug|Any CPU.Build.0 = Debug|Any CPU
		{FBC96555-D037-40A1-A819-E240F04EBFC3}.Release|Any CPU.ActiveCfg = Release|Any CPU
		{FBC96555-D037-40A1-A819-E240F04EBFC3}.Release|Any CPU.Build.0 = Release|Any CPU
		{61F51407-3E61-44CD-AE72-5ED1A6FABE74}.Debug|Any CPU.ActiveCfg = Debug|Any CPU
		{61F51407-3E61-44CD-AE72-5ED1A6FABE74}.Debug|Any CPU.Build.0 = Debug|Any CPU
		{61F51407-3E61-44CD-AE72-5ED1A6FABE74}.Release|Any CPU.ActiveCfg = Release|Any CPU
		{61F51407-3E61-44CD-AE72-5ED1A6FABE74}.Release|Any CPU.Build.0 = Release|Any CPU
		{EF8AD113-5ADE-4592-8668-A3DDF632946D}.Debug|Any CPU.ActiveCfg = Debug|Any CPU
		{EF8AD113-5ADE-4592-8668-A3DDF632946D}.Debug|Any CPU.Build.0 = Debug|Any CPU
		{EF8AD113-5ADE-4592-8668-A3DDF632946D}.Release|Any CPU.ActiveCfg = Release|Any CPU
		{EF8AD113-5ADE-4592-8668-A3DDF632946D}.Release|Any CPU.Build.0 = Release|Any CPU
		{41B2FA7C-D566-4F55-94A4-99227C32E26A}.Debug|Any CPU.ActiveCfg = Debug|Any CPU
		{41B2FA7C-D566-4F55-94A4-99227C32E26A}.Debug|Any CPU.Build.0 = Debug|Any CPU
		{41B2FA7C-D566-4F55-94A4-99227C32E26A}.Release|Any CPU.ActiveCfg = Release|Any CPU
		{41B2FA7C-D566-4F55-94A4-99227C32E26A}.Release|Any CPU.Build.0 = Release|Any CPU
		{3A343EC6-41C9-4E25-91CD-319DB3C6A79F}.Debug|Any CPU.ActiveCfg = Debug|Any CPU
		{3A343EC6-41C9-4E25-91CD-319DB3C6A79F}.Debug|Any CPU.Build.0 = Debug|Any CPU
		{3A343EC6-41C9-4E25-91CD-319DB3C6A79F}.Release|Any CPU.ActiveCfg = Release|Any CPU
		{3A343EC6-41C9-4E25-91CD-319DB3C6A79F}.Release|Any CPU.Build.0 = Release|Any CPU
		{F850B752-1826-43E0-B4B5-0ECA005392CE}.Debug|Any CPU.ActiveCfg = Debug|Any CPU
		{F850B752-1826-43E0-B4B5-0ECA005392CE}.Debug|Any CPU.Build.0 = Debug|Any CPU
		{F850B752-1826-43E0-B4B5-0ECA005392CE}.Release|Any CPU.ActiveCfg = Release|Any CPU
		{F850B752-1826-43E0-B4B5-0ECA005392CE}.Release|Any CPU.Build.0 = Release|Any CPU
		{2D52B704-043C-4A9F-B719-EC7BDA953B56}.Debug|Any CPU.ActiveCfg = Debug|Any CPU
		{2D52B704-043C-4A9F-B719-EC7BDA953B56}.Debug|Any CPU.Build.0 = Debug|Any CPU
		{2D52B704-043C-4A9F-B719-EC7BDA953B56}.Release|Any CPU.ActiveCfg = Release|Any CPU
		{2D52B704-043C-4A9F-B719-EC7BDA953B56}.Release|Any CPU.Build.0 = Release|Any CPU
		{E98F5976-2270-4462-9613-DC99D1F1F10C}.Debug|Any CPU.ActiveCfg = Debug|Any CPU
		{E98F5976-2270-4462-9613-DC99D1F1F10C}.Debug|Any CPU.Build.0 = Debug|Any CPU
		{E98F5976-2270-4462-9613-DC99D1F1F10C}.Release|Any CPU.ActiveCfg = Release|Any CPU
		{E98F5976-2270-4462-9613-DC99D1F1F10C}.Release|Any CPU.Build.0 = Release|Any CPU
		{0777931E-1534-4FDA-9061-6685B725F533}.Debug|Any CPU.ActiveCfg = Debug|Any CPU
		{0777931E-1534-4FDA-9061-6685B725F533}.Debug|Any CPU.Build.0 = Debug|Any CPU
		{0777931E-1534-4FDA-9061-6685B725F533}.Release|Any CPU.ActiveCfg = Release|Any CPU
		{0777931E-1534-4FDA-9061-6685B725F533}.Release|Any CPU.Build.0 = Release|Any CPU
		{FFE82F39-44E2-4ABA-B6EB-0A7BB07293F3}.Debug|Any CPU.ActiveCfg = Debug|Any CPU
		{FFE82F39-44E2-4ABA-B6EB-0A7BB07293F3}.Debug|Any CPU.Build.0 = Debug|Any CPU
		{FFE82F39-44E2-4ABA-B6EB-0A7BB07293F3}.Release|Any CPU.ActiveCfg = Release|Any CPU
		{FFE82F39-44E2-4ABA-B6EB-0A7BB07293F3}.Release|Any CPU.Build.0 = Release|Any CPU
		{3D671ED0-28A4-4F94-AD4E-21C9C2F11F94}.Debug|Any CPU.ActiveCfg = Debug|Any CPU
		{3D671ED0-28A4-4F94-AD4E-21C9C2F11F94}.Debug|Any CPU.Build.0 = Debug|Any CPU
		{3D671ED0-28A4-4F94-AD4E-21C9C2F11F94}.Release|Any CPU.ActiveCfg = Release|Any CPU
		{3D671ED0-28A4-4F94-AD4E-21C9C2F11F94}.Release|Any CPU.Build.0 = Release|Any CPU
		{4FE933F7-D4CB-4FD6-BB8A-D0297C923C8D}.Debug|Any CPU.ActiveCfg = Debug|Any CPU
		{4FE933F7-D4CB-4FD6-BB8A-D0297C923C8D}.Debug|Any CPU.Build.0 = Debug|Any CPU
		{4FE933F7-D4CB-4FD6-BB8A-D0297C923C8D}.Release|Any CPU.ActiveCfg = Release|Any CPU
		{4FE933F7-D4CB-4FD6-BB8A-D0297C923C8D}.Release|Any CPU.Build.0 = Release|Any CPU
		{D4636C58-3C5B-45F3-94DE-7AACC1F991BB}.Debug|Any CPU.ActiveCfg = Debug|Any CPU
		{D4636C58-3C5B-45F3-94DE-7AACC1F991BB}.Debug|Any CPU.Build.0 = Debug|Any CPU
		{D4636C58-3C5B-45F3-94DE-7AACC1F991BB}.Release|Any CPU.ActiveCfg = Release|Any CPU
		{D4636C58-3C5B-45F3-94DE-7AACC1F991BB}.Release|Any CPU.Build.0 = Release|Any CPU
		{EE237EF3-36A9-4364-8B6E-CE354939B4ED}.Debug|Any CPU.ActiveCfg = Debug|Any CPU
		{EE237EF3-36A9-4364-8B6E-CE354939B4ED}.Debug|Any CPU.Build.0 = Debug|Any CPU
		{EE237EF3-36A9-4364-8B6E-CE354939B4ED}.Release|Any CPU.ActiveCfg = Release|Any CPU
		{EE237EF3-36A9-4364-8B6E-CE354939B4ED}.Release|Any CPU.Build.0 = Release|Any CPU
		{A34B937F-A8FC-492D-A885-8DC15FFE1A5C}.Debug|Any CPU.ActiveCfg = Debug|Any CPU
		{A34B937F-A8FC-492D-A885-8DC15FFE1A5C}.Debug|Any CPU.Build.0 = Debug|Any CPU
		{A34B937F-A8FC-492D-A885-8DC15FFE1A5C}.Release|Any CPU.ActiveCfg = Release|Any CPU
		{A34B937F-A8FC-492D-A885-8DC15FFE1A5C}.Release|Any CPU.Build.0 = Release|Any CPU
		{DCD0EDBA-0192-4F9E-9AAF-A34517A9AAD7}.Debug|Any CPU.ActiveCfg = Debug|Any CPU
		{DCD0EDBA-0192-4F9E-9AAF-A34517A9AAD7}.Debug|Any CPU.Build.0 = Debug|Any CPU
		{DCD0EDBA-0192-4F9E-9AAF-A34517A9AAD7}.Release|Any CPU.ActiveCfg = Release|Any CPU
		{DCD0EDBA-0192-4F9E-9AAF-A34517A9AAD7}.Release|Any CPU.Build.0 = Release|Any CPU
		{BE10151B-5115-4483-8F6B-E0BC8C044549}.Debug|Any CPU.ActiveCfg = Debug|Any CPU
		{BE10151B-5115-4483-8F6B-E0BC8C044549}.Debug|Any CPU.Build.0 = Debug|Any CPU
		{BE10151B-5115-4483-8F6B-E0BC8C044549}.Release|Any CPU.ActiveCfg = Release|Any CPU
		{BE10151B-5115-4483-8F6B-E0BC8C044549}.Release|Any CPU.Build.0 = Release|Any CPU
		{ACF94713-DEAE-462A-B297-912058854211}.Debug|Any CPU.ActiveCfg = Debug|Any CPU
		{ACF94713-DEAE-462A-B297-912058854211}.Debug|Any CPU.Build.0 = Debug|Any CPU
		{ACF94713-DEAE-462A-B297-912058854211}.Release|Any CPU.ActiveCfg = Release|Any CPU
		{ACF94713-DEAE-462A-B297-912058854211}.Release|Any CPU.Build.0 = Release|Any CPU
		{5F72F77D-FD4D-4263-8F69-5EBD59649750}.Debug|Any CPU.ActiveCfg = Debug|Any CPU
		{5F72F77D-FD4D-4263-8F69-5EBD59649750}.Debug|Any CPU.Build.0 = Debug|Any CPU
		{5F72F77D-FD4D-4263-8F69-5EBD59649750}.Release|Any CPU.ActiveCfg = Release|Any CPU
		{5F72F77D-FD4D-4263-8F69-5EBD59649750}.Release|Any CPU.Build.0 = Release|Any CPU
		{34C337F8-2C63-47EE-AF2C-1B7936A9986F}.Debug|Any CPU.ActiveCfg = Debug|Any CPU
		{34C337F8-2C63-47EE-AF2C-1B7936A9986F}.Debug|Any CPU.Build.0 = Debug|Any CPU
		{34C337F8-2C63-47EE-AF2C-1B7936A9986F}.Release|Any CPU.ActiveCfg = Release|Any CPU
		{34C337F8-2C63-47EE-AF2C-1B7936A9986F}.Release|Any CPU.Build.0 = Release|Any CPU
		{C2A494B8-9EB8-478C-9E24-C47595F448ED}.Debug|Any CPU.ActiveCfg = Debug|Any CPU
		{C2A494B8-9EB8-478C-9E24-C47595F448ED}.Debug|Any CPU.Build.0 = Debug|Any CPU
		{C2A494B8-9EB8-478C-9E24-C47595F448ED}.Release|Any CPU.ActiveCfg = Release|Any CPU
		{C2A494B8-9EB8-478C-9E24-C47595F448ED}.Release|Any CPU.Build.0 = Release|Any CPU
		{E93E8153-56ED-4526-8F24-04251EBC3C93}.Debug|Any CPU.ActiveCfg = Debug|Any CPU
		{E93E8153-56ED-4526-8F24-04251EBC3C93}.Debug|Any CPU.Build.0 = Debug|Any CPU
		{E93E8153-56ED-4526-8F24-04251EBC3C93}.Release|Any CPU.ActiveCfg = Release|Any CPU
		{E93E8153-56ED-4526-8F24-04251EBC3C93}.Release|Any CPU.Build.0 = Release|Any CPU
		{062B89F7-2BD8-45B0-AB2D-B19886F04FE2}.Debug|Any CPU.ActiveCfg = Debug|Any CPU
		{062B89F7-2BD8-45B0-AB2D-B19886F04FE2}.Debug|Any CPU.Build.0 = Debug|Any CPU
		{062B89F7-2BD8-45B0-AB2D-B19886F04FE2}.Release|Any CPU.ActiveCfg = Release|Any CPU
		{062B89F7-2BD8-45B0-AB2D-B19886F04FE2}.Release|Any CPU.Build.0 = Release|Any CPU
		{8F7B6742-A9D8-438F-98E9-692B3F2A2AA3}.Debug|Any CPU.ActiveCfg = Debug|Any CPU
		{8F7B6742-A9D8-438F-98E9-692B3F2A2AA3}.Debug|Any CPU.Build.0 = Debug|Any CPU
		{8F7B6742-A9D8-438F-98E9-692B3F2A2AA3}.Release|Any CPU.ActiveCfg = Release|Any CPU
		{8F7B6742-A9D8-438F-98E9-692B3F2A2AA3}.Release|Any CPU.Build.0 = Release|Any CPU
		{04FF12AA-19CE-4B35-A1FB-B3F4EF3ABDC7}.Debug|Any CPU.ActiveCfg = Debug|Any CPU
		{04FF12AA-19CE-4B35-A1FB-B3F4EF3ABDC7}.Debug|Any CPU.Build.0 = Debug|Any CPU
		{04FF12AA-19CE-4B35-A1FB-B3F4EF3ABDC7}.Release|Any CPU.ActiveCfg = Release|Any CPU
		{04FF12AA-19CE-4B35-A1FB-B3F4EF3ABDC7}.Release|Any CPU.Build.0 = Release|Any CPU
		{FEF61EBD-6491-4509-8B3D-3762FA6CED40}.Debug|Any CPU.ActiveCfg = Debug|Any CPU
		{FEF61EBD-6491-4509-8B3D-3762FA6CED40}.Debug|Any CPU.Build.0 = Debug|Any CPU
		{FEF61EBD-6491-4509-8B3D-3762FA6CED40}.Release|Any CPU.ActiveCfg = Release|Any CPU
		{FEF61EBD-6491-4509-8B3D-3762FA6CED40}.Release|Any CPU.Build.0 = Release|Any CPU
		{EA68EA22-AB6E-4C2C-BB25-000B0AC4351E}.Debug|Any CPU.ActiveCfg = Debug|Any CPU
		{EA68EA22-AB6E-4C2C-BB25-000B0AC4351E}.Debug|Any CPU.Build.0 = Debug|Any CPU
		{EA68EA22-AB6E-4C2C-BB25-000B0AC4351E}.Release|Any CPU.ActiveCfg = Release|Any CPU
		{EA68EA22-AB6E-4C2C-BB25-000B0AC4351E}.Release|Any CPU.Build.0 = Release|Any CPU
		{14510064-3954-4D0E-871C-A8D803A5747D}.Debug|Any CPU.ActiveCfg = Debug|Any CPU
		{14510064-3954-4D0E-871C-A8D803A5747D}.Debug|Any CPU.Build.0 = Debug|Any CPU
		{14510064-3954-4D0E-871C-A8D803A5747D}.Release|Any CPU.ActiveCfg = Release|Any CPU
		{14510064-3954-4D0E-871C-A8D803A5747D}.Release|Any CPU.Build.0 = Release|Any CPU
		{43C9FBE2-73A6-4360-9333-56329CD3D32C}.Debug|Any CPU.ActiveCfg = Debug|Any CPU
		{43C9FBE2-73A6-4360-9333-56329CD3D32C}.Debug|Any CPU.Build.0 = Debug|Any CPU
		{43C9FBE2-73A6-4360-9333-56329CD3D32C}.Release|Any CPU.ActiveCfg = Release|Any CPU
		{43C9FBE2-73A6-4360-9333-56329CD3D32C}.Release|Any CPU.Build.0 = Release|Any CPU
		{2E6CDD12-0DCD-45B7-A886-8C68D5F30FF6}.Debug|Any CPU.ActiveCfg = Debug|Any CPU
		{2E6CDD12-0DCD-45B7-A886-8C68D5F30FF6}.Debug|Any CPU.Build.0 = Debug|Any CPU
		{2E6CDD12-0DCD-45B7-A886-8C68D5F30FF6}.Release|Any CPU.ActiveCfg = Release|Any CPU
		{2E6CDD12-0DCD-45B7-A886-8C68D5F30FF6}.Release|Any CPU.Build.0 = Release|Any CPU
		{2AA8D18E-031B-4027-B020-E0FB71799CC7}.Debug|Any CPU.ActiveCfg = Debug|Any CPU
		{2AA8D18E-031B-4027-B020-E0FB71799CC7}.Debug|Any CPU.Build.0 = Debug|Any CPU
		{2AA8D18E-031B-4027-B020-E0FB71799CC7}.Release|Any CPU.ActiveCfg = Release|Any CPU
		{2AA8D18E-031B-4027-B020-E0FB71799CC7}.Release|Any CPU.Build.0 = Release|Any CPU
		{59D4CF2E-09BA-4F23-8B8E-C2DB77F4F240}.Debug|Any CPU.ActiveCfg = Debug|Any CPU
		{59D4CF2E-09BA-4F23-8B8E-C2DB77F4F240}.Debug|Any CPU.Build.0 = Debug|Any CPU
		{59D4CF2E-09BA-4F23-8B8E-C2DB77F4F240}.Release|Any CPU.ActiveCfg = Release|Any CPU
		{59D4CF2E-09BA-4F23-8B8E-C2DB77F4F240}.Release|Any CPU.Build.0 = Release|Any CPU
		{E48D0111-C2F1-40F4-9535-73EE7531C911}.Debug|Any CPU.ActiveCfg = Debug|Any CPU
		{E48D0111-C2F1-40F4-9535-73EE7531C911}.Debug|Any CPU.Build.0 = Debug|Any CPU
		{E48D0111-C2F1-40F4-9535-73EE7531C911}.Release|Any CPU.ActiveCfg = Release|Any CPU
		{E48D0111-C2F1-40F4-9535-73EE7531C911}.Release|Any CPU.Build.0 = Release|Any CPU
		{2B8CB2D9-B2DE-45FE-ABBE-0ACE05858491}.Debug|Any CPU.ActiveCfg = Debug|Any CPU
		{2B8CB2D9-B2DE-45FE-ABBE-0ACE05858491}.Debug|Any CPU.Build.0 = Debug|Any CPU
		{2B8CB2D9-B2DE-45FE-ABBE-0ACE05858491}.Release|Any CPU.ActiveCfg = Release|Any CPU
		{2B8CB2D9-B2DE-45FE-ABBE-0ACE05858491}.Release|Any CPU.Build.0 = Release|Any CPU
		{B4FD2210-5A08-4DBC-BCA3-6BF15DD41503}.Debug|Any CPU.ActiveCfg = Debug|Any CPU
		{B4FD2210-5A08-4DBC-BCA3-6BF15DD41503}.Debug|Any CPU.Build.0 = Debug|Any CPU
		{B4FD2210-5A08-4DBC-BCA3-6BF15DD41503}.Release|Any CPU.ActiveCfg = Release|Any CPU
		{B4FD2210-5A08-4DBC-BCA3-6BF15DD41503}.Release|Any CPU.Build.0 = Release|Any CPU
	EndGlobalSection
	GlobalSection(SolutionProperties) = preSolution
		HideSolutionNode = FALSE
	EndGlobalSection
	GlobalSection(NestedProjects) = preSolution
		{C0E8FE1F-2EAD-4629-B100-BA6D2850AFFE} = {FB65CE9F-D437-4671-8C3D-1E05AFBEAA10}
		{E0CBFAED-A1C3-4E51-800D-F1A8FFE5013E} = {44D143BC-EE11-457C-A689-990CF01AF1FB}
		{0D50F87B-D5E6-4EBF-87CF-99C479474B8D} = {FB65CE9F-D437-4671-8C3D-1E05AFBEAA10}
		{35E64E42-51D1-4662-A0DB-94E06F81C44F} = {FB65CE9F-D437-4671-8C3D-1E05AFBEAA10}
		{9E36B76D-B99C-4A56-B115-4A78544B5411} = {FB65CE9F-D437-4671-8C3D-1E05AFBEAA10}
		{2532AD42-5078-4483-8C81-0F0048BA9172} = {FB65CE9F-D437-4671-8C3D-1E05AFBEAA10}
		{459E0D54-1FA3-4ECB-B81B-1F8B5FA2D30A} = {FB65CE9F-D437-4671-8C3D-1E05AFBEAA10}
		{5070E4BB-A4F0-4B26-AC9A-249B074ABCAB} = {FB65CE9F-D437-4671-8C3D-1E05AFBEAA10}
		{FBC96555-D037-40A1-A819-E240F04EBFC3} = {FB65CE9F-D437-4671-8C3D-1E05AFBEAA10}
		{61F51407-3E61-44CD-AE72-5ED1A6FABE74} = {FB65CE9F-D437-4671-8C3D-1E05AFBEAA10}
		{EF8AD113-5ADE-4592-8668-A3DDF632946D} = {FB65CE9F-D437-4671-8C3D-1E05AFBEAA10}
		{41B2FA7C-D566-4F55-94A4-99227C32E26A} = {FB65CE9F-D437-4671-8C3D-1E05AFBEAA10}
		{3A343EC6-41C9-4E25-91CD-319DB3C6A79F} = {FB65CE9F-D437-4671-8C3D-1E05AFBEAA10}
		{2D52B704-043C-4A9F-B719-EC7BDA953B56} = {FB65CE9F-D437-4671-8C3D-1E05AFBEAA10}
		{E98F5976-2270-4462-9613-DC99D1F1F10C} = {FB65CE9F-D437-4671-8C3D-1E05AFBEAA10}
		{BE10151B-5115-4483-8F6B-E0BC8C044549} = {FB65CE9F-D437-4671-8C3D-1E05AFBEAA10}
		{ACF94713-DEAE-462A-B297-912058854211} = {FB65CE9F-D437-4671-8C3D-1E05AFBEAA10}
		{34C337F8-2C63-47EE-AF2C-1B7936A9986F} = {FB65CE9F-D437-4671-8C3D-1E05AFBEAA10}
		{43C9FBE2-73A6-4360-9333-56329CD3D32C} = {44D143BC-EE11-457C-A689-990CF01AF1FB}
		{2E6CDD12-0DCD-45B7-A886-8C68D5F30FF6} = {44D143BC-EE11-457C-A689-990CF01AF1FB}
		{2AA8D18E-031B-4027-B020-E0FB71799CC7} = {44D143BC-EE11-457C-A689-990CF01AF1FB}
		{59D4CF2E-09BA-4F23-8B8E-C2DB77F4F240} = {44D143BC-EE11-457C-A689-990CF01AF1FB}
		{E48D0111-C2F1-40F4-9535-73EE7531C911} = {44D143BC-EE11-457C-A689-990CF01AF1FB}
		{2B8CB2D9-B2DE-45FE-ABBE-0ACE05858491} = {44D143BC-EE11-457C-A689-990CF01AF1FB}
		{B4FD2210-5A08-4DBC-BCA3-6BF15DD41503} = {44D143BC-EE11-457C-A689-990CF01AF1FB}
	EndGlobalSection
	GlobalSection(ExtensibilityGlobals) = postSolution
		SolutionGuid = {5F0F4D8B-06C9-400F-B2FE-A8F0AAD10CB5}
	EndGlobalSection
EndGlobal
